
Microsoft Visual Studio Solution File, Format Version 12.00
# Visual Studio Version 17
VisualStudioVersion = 17.14.36408.4 d17.14
MinimumVisualStudioVersion = 10.0.40219.1
Project("{FAE04EC0-301F-11D3-BF4B-00C04F79EFBC}") = "NzWalks.API", "NzWalks.API\NzWalks.API.csproj", "{A23DF39E-D41C-4871-BEA4-890032CEFB70}"
EndProject
Global
	GlobalSection(SolutionConfigurationPlatforms) = preSolution
		Debug|Any CPU = Debug|Any CPU
		Release|Any CPU = Release|Any CPU
	EndGlobalSection
	GlobalSection(ProjectConfigurationPlatforms) = postSolution
		{A23DF39E-D41C-4871-BEA4-890032CEFB70}.Debug|Any CPU.ActiveCfg = Debug|Any CPU
		{A23DF39E-D41C-4871-BEA4-890032CEFB70}.Debug|Any CPU.Build.0 = Debug|Any CPU
		{A23DF39E-D41C-4871-BEA4-890032CEFB70}.Release|Any CPU.ActiveCfg = Release|Any CPU
		{A23DF39E-D41C-4871-BEA4-890032CEFB70}.Release|Any CPU.Build.0 = Release|Any CPU
	EndGlobalSection
	GlobalSection(SolutionProperties) = preSolution
		HideSolutionNode = FALSE
	EndGlobalSection
	GlobalSection(ExtensibilityGlobals) = postSolution
		SolutionGuid = {164A3855-6C93-4EFA-B91B-0FA6568E8661}
	EndGlobalSection
EndGlobal
